
Microsoft Visual Studio Solution File, Format Version 12.00
# Visual Studio Version 16
VisualStudioVersion = 16.0.29519.181
MinimumVisualStudioVersion = 10.0.40219.1
Project("{8BC9CEB8-8B4A-11D0-8D11-00A0C91BC942}") = "day2", "Day2\day2.vcxproj", "{BE85D7B0-5396-4C48-BA60-E7D4521617E6}"
EndProject
Project("{8BC9CEB8-8B4A-11D0-8D11-00A0C91BC942}") = "day3", "day3\day3.vcxproj", "{AE7E4DF3-59BA-483E-B369-DD6C3582B19B}"
EndProject
Project("{8BC9CEB8-8B4A-11D0-8D11-00A0C91BC942}") = "day1", "day1\day1.vcxproj", "{BFBFD5AE-DFA2-4FC9-8C32-B49613857B3B}"
EndProject
Project("{8BC9CEB8-8B4A-11D0-8D11-00A0C91BC942}") = "day5", "day5\day5.vcxproj", "{DF2B6FCE-5845-4847-AE3C-45749694F37E}"
EndProject
Project("{8BC9CEB8-8B4A-11D0-8D11-00A0C91BC942}") = "day6", "day6\day6.vcxproj", "{12B2FA96-F8B9-4981-BD0A-1D9D37199F2C}"
EndProject
Project("{8BC9CEB8-8B4A-11D0-8D11-00A0C91BC942}") = "day7", "day7\day7.vcxproj", "{5F199749-5DA3-4121-92D3-30A6F3125EDD}"
EndProject
Project("{8BC9CEB8-8B4A-11D0-8D11-00A0C91BC942}") = "day8", "day8\day8.vcxproj", "{B1DE3946-5107-4084-ABC3-280A0EFB4C87}"
EndProject
Global
	GlobalSection(SolutionConfigurationPlatforms) = preSolution
		Debug|x64 = Debug|x64
		Debug|x86 = Debug|x86
		Release|x64 = Release|x64
		Release|x86 = Release|x86
	EndGlobalSection
	GlobalSection(ProjectConfigurationPlatforms) = postSolution
		{BE85D7B0-5396-4C48-BA60-E7D4521617E6}.Debug|x64.ActiveCfg = Debug|x64
		{BE85D7B0-5396-4C48-BA60-E7D4521617E6}.Debug|x64.Build.0 = Debug|x64
		{BE85D7B0-5396-4C48-BA60-E7D4521617E6}.Debug|x86.ActiveCfg = Debug|Win32
		{BE85D7B0-5396-4C48-BA60-E7D4521617E6}.Debug|x86.Build.0 = Debug|Win32
		{BE85D7B0-5396-4C48-BA60-E7D4521617E6}.Release|x64.ActiveCfg = Release|x64
		{BE85D7B0-5396-4C48-BA60-E7D4521617E6}.Release|x64.Build.0 = Release|x64
		{BE85D7B0-5396-4C48-BA60-E7D4521617E6}.Release|x86.ActiveCfg = Release|Win32
		{BE85D7B0-5396-4C48-BA60-E7D4521617E6}.Release|x86.Build.0 = Release|Win32
		{AE7E4DF3-59BA-483E-B369-DD6C3582B19B}.Debug|x64.ActiveCfg = Debug|x64
		{AE7E4DF3-59BA-483E-B369-DD6C3582B19B}.Debug|x64.Build.0 = Debug|x64
		{AE7E4DF3-59BA-483E-B369-DD6C3582B19B}.Debug|x86.ActiveCfg = Debug|Win32
		{AE7E4DF3-59BA-483E-B369-DD6C3582B19B}.Debug|x86.Build.0 = Debug|Win32
		{AE7E4DF3-59BA-483E-B369-DD6C3582B19B}.Release|x64.ActiveCfg = Release|x64
		{AE7E4DF3-59BA-483E-B369-DD6C3582B19B}.Release|x64.Build.0 = Release|x64
		{AE7E4DF3-59BA-483E-B369-DD6C3582B19B}.Release|x86.ActiveCfg = Release|Win32
		{AE7E4DF3-59BA-483E-B369-DD6C3582B19B}.Release|x86.Build.0 = Release|Win32
		{BFBFD5AE-DFA2-4FC9-8C32-B49613857B3B}.Debug|x64.ActiveCfg = Debug|x64
		{BFBFD5AE-DFA2-4FC9-8C32-B49613857B3B}.Debug|x64.Build.0 = Debug|x64
		{BFBFD5AE-DFA2-4FC9-8C32-B49613857B3B}.Debug|x86.ActiveCfg = Debug|Win32
		{BFBFD5AE-DFA2-4FC9-8C32-B49613857B3B}.Debug|x86.Build.0 = Debug|Win32
		{BFBFD5AE-DFA2-4FC9-8C32-B49613857B3B}.Release|x64.ActiveCfg = Release|x64
		{BFBFD5AE-DFA2-4FC9-8C32-B49613857B3B}.Release|x64.Build.0 = Release|x64
		{BFBFD5AE-DFA2-4FC9-8C32-B49613857B3B}.Release|x86.ActiveCfg = Release|Win32
		{BFBFD5AE-DFA2-4FC9-8C32-B49613857B3B}.Release|x86.Build.0 = Release|Win32
		{DF2B6FCE-5845-4847-AE3C-45749694F37E}.Debug|x64.ActiveCfg = Debug|x64
		{DF2B6FCE-5845-4847-AE3C-45749694F37E}.Debug|x64.Build.0 = Debug|x64
		{DF2B6FCE-5845-4847-AE3C-45749694F37E}.Debug|x86.ActiveCfg = Debug|Win32
		{DF2B6FCE-5845-4847-AE3C-45749694F37E}.Debug|x86.Build.0 = Debug|Win32
		{DF2B6FCE-5845-4847-AE3C-45749694F37E}.Release|x64.ActiveCfg = Release|x64
		{DF2B6FCE-5845-4847-AE3C-45749694F37E}.Release|x64.Build.0 = Release|x64
		{DF2B6FCE-5845-4847-AE3C-45749694F37E}.Release|x86.ActiveCfg = Release|Win32
		{DF2B6FCE-5845-4847-AE3C-45749694F37E}.Release|x86.Build.0 = Release|Win32
		{12B2FA96-F8B9-4981-BD0A-1D9D37199F2C}.Debug|x64.ActiveCfg = Debug|x64
		{12B2FA96-F8B9-4981-BD0A-1D9D37199F2C}.Debug|x64.Build.0 = Debug|x64
		{12B2FA96-F8B9-4981-BD0A-1D9D37199F2C}.Debug|x86.ActiveCfg = Debug|Win32
		{12B2FA96-F8B9-4981-BD0A-1D9D37199F2C}.Debug|x86.Build.0 = Debug|Win32
		{12B2FA96-F8B9-4981-BD0A-1D9D37199F2C}.Release|x64.ActiveCfg = Release|x64
		{12B2FA96-F8B9-4981-BD0A-1D9D37199F2C}.Release|x64.Build.0 = Release|x64
		{12B2FA96-F8B9-4981-BD0A-1D9D37199F2C}.Release|x86.ActiveCfg = Release|Win32
		{12B2FA96-F8B9-4981-BD0A-1D9D37199F2C}.Release|x86.Build.0 = Release|Win32
		{5F199749-5DA3-4121-92D3-30A6F3125EDD}.Debug|x64.ActiveCfg = Debug|x64
		{5F199749-5DA3-4121-92D3-30A6F3125EDD}.Debug|x64.Build.0 = Debug|x64
		{5F199749-5DA3-4121-92D3-30A6F3125EDD}.Debug|x86.ActiveCfg = Debug|Win32
		{5F199749-5DA3-4121-92D3-30A6F3125EDD}.Debug|x86.Build.0 = Debug|Win32
		{5F199749-5DA3-4121-92D3-30A6F3125EDD}.Release|x64.ActiveCfg = Release|x64
		{5F199749-5DA3-4121-92D3-30A6F3125EDD}.Release|x64.Build.0 = Release|x64
		{5F199749-5DA3-4121-92D3-30A6F3125EDD}.Release|x86.ActiveCfg = Release|Win32
		{5F199749-5DA3-4121-92D3-30A6F3125EDD}.Release|x86.Build.0 = Release|Win32
		{B1DE3946-5107-4084-ABC3-280A0EFB4C87}.Debug|x64.ActiveCfg = Debug|x64
		{B1DE3946-5107-4084-ABC3-280A0EFB4C87}.Debug|x64.Build.0 = Debug|x64
		{B1DE3946-5107-4084-ABC3-280A0EFB4C87}.Debug|x86.ActiveCfg = Debug|Win32
		{B1DE3946-5107-4084-ABC3-280A0EFB4C87}.Debug|x86.Build.0 = Debug|Win32
		{B1DE3946-5107-4084-ABC3-280A0EFB4C87}.Release|x64.ActiveCfg = Release|x64
		{B1DE3946-5107-4084-ABC3-280A0EFB4C87}.Release|x64.Build.0 = Release|x64
		{B1DE3946-5107-4084-ABC3-280A0EFB4C87}.Release|x86.ActiveCfg = Release|Win32
		{B1DE3946-5107-4084-ABC3-280A0EFB4C87}.Release|x86.Build.0 = Release|Win32
	EndGlobalSection
	GlobalSection(SolutionProperties) = preSolution
		HideSolutionNode = FALSE
	EndGlobalSection
	GlobalSection(ExtensibilityGlobals) = postSolution
		SolutionGuid = {D02DF3F9-FE3E-4F85-BFC7-AE747B7D8871}
	EndGlobalSection
EndGlobal
